// !$*UTF8*$!
{
	archiveVersion = 1;
	classes = {
	};
	objectVersion = 56;
	objects = {

/* Begin PBXBuildFile section */
		510617C72C3D662800186390 /* WatchCsvWriter.swift in Sources */ = {isa = PBXBuildFile; fileRef = 510617C62C3D662800186390 /* WatchCsvWriter.swift */; };
		510617CA2C3EB54600186390 /* WatchPredicterService.swift in Sources */ = {isa = PBXBuildFile; fileRef = 510617C92C3EB54600186390 /* WatchPredicterService.swift */; };
		510617CC2C3EB8CB00186390 /* HealthDataManager.swift in Sources */ = {isa = PBXBuildFile; fileRef = 510617CB2C3EB8CB00186390 /* HealthDataManager.swift */; };
		510617CE2C3EB95200186390 /* HealthDataView.swift in Sources */ = {isa = PBXBuildFile; fileRef = 510617CD2C3EB95200186390 /* HealthDataView.swift */; };
		511410452C22E5B2004ACAE4 /* AirPodsSensorData.swift in Sources */ = {isa = PBXBuildFile; fileRef = 511410442C22E5B2004ACAE4 /* AirPodsSensorData.swift */; };
		511410472C22FAD1004ACAE4 /* TherapySessionDelegate.swift in Sources */ = {isa = PBXBuildFile; fileRef = 511410462C22FAD1004ACAE4 /* TherapySessionDelegate.swift */; };
		5114104B2C23058D004ACAE4 /* TabContentView.swift in Sources */ = {isa = PBXBuildFile; fileRef = 5114104A2C23058D004ACAE4 /* TabContentView.swift */; };
		5166A3112C84754800A4FFE2 /* AirPodsPrediction.mlmodel in Sources */ = {isa = PBXBuildFile; fileRef = 5166A3102C84754800A4FFE2 /* AirPodsPrediction.mlmodel */; };
		518357482C1DF1F8000EAD64 /* CoreMotionSensorReaderApp.swift in Sources */ = {isa = PBXBuildFile; fileRef = 518357472C1DF1F8000EAD64 /* CoreMotionSensorReaderApp.swift */; };
		5183574A2C1DF1F8000EAD64 /* ContentView.swift in Sources */ = {isa = PBXBuildFile; fileRef = 518357492C1DF1F8000EAD64 /* ContentView.swift */; };
		5183574C2C1DF1F9000EAD64 /* Assets.xcassets in Resources */ = {isa = PBXBuildFile; fileRef = 5183574B2C1DF1F9000EAD64 /* Assets.xcassets */; };
		5183574F2C1DF1F9000EAD64 /* Preview Assets.xcassets in Resources */ = {isa = PBXBuildFile; fileRef = 5183574E2C1DF1F9000EAD64 /* Preview Assets.xcassets */; };
		5183575C2C1DF2D1000EAD64 /* WatchCoreMotionSensorReaderApp.swift in Sources */ = {isa = PBXBuildFile; fileRef = 5183575B2C1DF2D1000EAD64 /* WatchCoreMotionSensorReaderApp.swift */; };
		5183575E2C1DF2D1000EAD64 /* ContentView.swift in Sources */ = {isa = PBXBuildFile; fileRef = 5183575D2C1DF2D1000EAD64 /* ContentView.swift */; };
		518357602C1DF2D2000EAD64 /* Assets.xcassets in Resources */ = {isa = PBXBuildFile; fileRef = 5183575F2C1DF2D2000EAD64 /* Assets.xcassets */; };
		518357632C1DF2D2000EAD64 /* Preview Assets.xcassets in Resources */ = {isa = PBXBuildFile; fileRef = 518357622C1DF2D2000EAD64 /* Preview Assets.xcassets */; };
		518357662C1DF2D2000EAD64 /* WatchCoreMotionSensorReader Watch App.app in Embed Watch Content */ = {isa = PBXBuildFile; fileRef = 518357592C1DF2D1000EAD64 /* WatchCoreMotionSensorReader Watch App.app */; settings = {ATTRIBUTES = (RemoveHeadersOnCopy, ); }; };
		518672DB2C836BD700BA6223 /* MovementPrediction.mlmodel in Sources */ = {isa = PBXBuildFile; fileRef = 518672DA2C836BD700BA6223 /* MovementPrediction.mlmodel */; };
		51935BA32C3EC0AE00839BAB /* BatchedWorkout.swift in Sources */ = {isa = PBXBuildFile; fileRef = 51935BA22C3EC0AE00839BAB /* BatchedWorkout.swift */; };
		51CD6A9E2C1EE28200C53B8A /* SensorData.swift in Sources */ = {isa = PBXBuildFile; fileRef = 51CD6A9D2C1EE28200C53B8A /* SensorData.swift */; };
		51CD6A9F2C1EE28200C53B8A /* SensorData.swift in Sources */ = {isa = PBXBuildFile; fileRef = 51CD6A9D2C1EE28200C53B8A /* SensorData.swift */; };
		51CD6AA32C1EE3E100C53B8A /* BatchedSensorData.swift in Sources */ = {isa = PBXBuildFile; fileRef = 51CD6AA22C1EE3E100C53B8A /* BatchedSensorData.swift */; };
		51CD6AA42C1EE3E100C53B8A /* BatchedSensorData.swift in Sources */ = {isa = PBXBuildFile; fileRef = 51CD6AA22C1EE3E100C53B8A /* BatchedSensorData.swift */; };
		51CD6AA62C1EE4F000C53B8A /* WatchReciverController.swift in Sources */ = {isa = PBXBuildFile; fileRef = 51CD6AA52C1EE4F000C53B8A /* WatchReciverController.swift */; };
		51CD6AAD2C20313A00C53B8A /* MotionDataController.swift in Sources */ = {isa = PBXBuildFile; fileRef = 51CD6AAC2C20313A00C53B8A /* MotionDataController.swift */; };
		51CD6AAF2C203CE700C53B8A /* SensorView.swift in Sources */ = {isa = PBXBuildFile; fileRef = 51CD6AAE2C203CE700C53B8A /* SensorView.swift */; };
		51CD6AB32C20603A00C53B8A /* TabNavView.swift in Sources */ = {isa = PBXBuildFile; fileRef = 51CD6AB22C20603A00C53B8A /* TabNavView.swift */; };
		51CD6AB52C2060B200C53B8A /* WorkoutView.swift in Sources */ = {isa = PBXBuildFile; fileRef = 51CD6AB42C2060B200C53B8A /* WorkoutView.swift */; };
		51CD6AB82C20652100C53B8A /* ConnectivityService.swift in Sources */ = {isa = PBXBuildFile; fileRef = 51CD6AB72C20652100C53B8A /* ConnectivityService.swift */; };
		51CD6ABA2C206BCF00C53B8A /* WatchSensorView.swift in Sources */ = {isa = PBXBuildFile; fileRef = 51CD6AB92C206BCF00C53B8A /* WatchSensorView.swift */; };
		51CD6ABC2C207A7200C53B8A /* AirpodsDataView.swift in Sources */ = {isa = PBXBuildFile; fileRef = 51CD6ABB2C207A7200C53B8A /* AirpodsDataView.swift */; };
		51CD6ABE2C207A8700C53B8A /* AirpodsDataController.swift in Sources */ = {isa = PBXBuildFile; fileRef = 51CD6ABD2C207A8600C53B8A /* AirpodsDataController.swift */; };
		51CD6AC02C21D69600C53B8A /* BatchedSensorView.swift in Sources */ = {isa = PBXBuildFile; fileRef = 51CD6ABF2C21D69600C53B8A /* BatchedSensorView.swift */; };
		51E484702C2714E40084A3C7 /* AirPodsPredictionService.swift in Sources */ = {isa = PBXBuildFile; fileRef = 51E4846F2C2714E40084A3C7 /* AirPodsPredictionService.swift */; };
		51E484732C2716A60084A3C7 /* AirPodsCsvWriterService.swift in Sources */ = {isa = PBXBuildFile; fileRef = 51E484722C2716A60084A3C7 /* AirPodsCsvWriterService.swift */; };
		51F7C0012C2308480058B12F /* interfacesound.mp3 in Resources */ = {isa = PBXBuildFile; fileRef = 51F7C0002C2308480058B12F /* interfacesound.mp3 */; };
		51F7C0032C23086C0058B12F /* SoundService.swift in Sources */ = {isa = PBXBuildFile; fileRef = 51F7C0022C23086C0058B12F /* SoundService.swift */; };
		51FADADE2C83839200F51251 /* MarchingClassifier.mlmodel in Sources */ = {isa = PBXBuildFile; fileRef = 51FADADD2C83839200F51251 /* MarchingClassifier.mlmodel */; };
/* End PBXBuildFile section */

/* Begin PBXContainerItemProxy section */
		518357642C1DF2D2000EAD64 /* PBXContainerItemProxy */ = {
			isa = PBXContainerItemProxy;
			containerPortal = 5183573C2C1DF1F8000EAD64 /* Project object */;
			proxyType = 1;
			remoteGlobalIDString = 518357582C1DF2D1000EAD64;
			remoteInfo = "WatchCoreMotionSensorReader Watch App";
		};
/* End PBXContainerItemProxy section */

/* Begin PBXCopyFilesBuildPhase section */
		5183576A2C1DF2D2000EAD64 /* Embed Watch Content */ = {
			isa = PBXCopyFilesBuildPhase;
			buildActionMask = 2147483647;
			dstPath = "$(CONTENTS_FOLDER_PATH)/Watch";
			dstSubfolderSpec = 16;
			files = (
				518357662C1DF2D2000EAD64 /* WatchCoreMotionSensorReader Watch App.app in Embed Watch Content */,
			);
			name = "Embed Watch Content";
			runOnlyForDeploymentPostprocessing = 0;
		};
/* End PBXCopyFilesBuildPhase section */

/* Begin PBXFileReference section */
		510617C62C3D662800186390 /* WatchCsvWriter.swift */ = {isa = PBXFileReference; lastKnownFileType = sourcecode.swift; path = WatchCsvWriter.swift; sourceTree = "<group>"; };
		510617C92C3EB54600186390 /* WatchPredicterService.swift */ = {isa = PBXFileReference; lastKnownFileType = sourcecode.swift; path = WatchPredicterService.swift; sourceTree = "<group>"; };
		510617CB2C3EB8CB00186390 /* HealthDataManager.swift */ = {isa = PBXFileReference; lastKnownFileType = sourcecode.swift; path = HealthDataManager.swift; sourceTree = "<group>"; };
		510617CD2C3EB95200186390 /* HealthDataView.swift */ = {isa = PBXFileReference; lastKnownFileType = sourcecode.swift; path = HealthDataView.swift; sourceTree = "<group>"; };
		511410442C22E5B2004ACAE4 /* AirPodsSensorData.swift */ = {isa = PBXFileReference; lastKnownFileType = sourcecode.swift; path = AirPodsSensorData.swift; sourceTree = "<group>"; };
		511410462C22FAD1004ACAE4 /* TherapySessionDelegate.swift */ = {isa = PBXFileReference; lastKnownFileType = sourcecode.swift; path = TherapySessionDelegate.swift; sourceTree = "<group>"; };
		511410492C22FB1C004ACAE4 /* WatchCoreMotionSensorReader-Watch-App-Info.plist */ = {isa = PBXFileReference; lastKnownFileType = text.plist; path = "WatchCoreMotionSensorReader-Watch-App-Info.plist"; sourceTree = SOURCE_ROOT; };
		5114104A2C23058D004ACAE4 /* TabContentView.swift */ = {isa = PBXFileReference; lastKnownFileType = sourcecode.swift; path = TabContentView.swift; sourceTree = "<group>"; };
		5166A3102C84754800A4FFE2 /* AirPodsPrediction.mlmodel */ = {isa = PBXFileReference; lastKnownFileType = file.mlmodel; path = AirPodsPrediction.mlmodel; sourceTree = "<group>"; };
		518357442C1DF1F8000EAD64 /* CoreMotionSensorReader.app */ = {isa = PBXFileReference; explicitFileType = wrapper.application; includeInIndex = 0; path = CoreMotionSensorReader.app; sourceTree = BUILT_PRODUCTS_DIR; };
		518357472C1DF1F8000EAD64 /* CoreMotionSensorReaderApp.swift */ = {isa = PBXFileReference; lastKnownFileType = sourcecode.swift; path = CoreMotionSensorReaderApp.swift; sourceTree = "<group>"; };
		518357492C1DF1F8000EAD64 /* ContentView.swift */ = {isa = PBXFileReference; lastKnownFileType = sourcecode.swift; path = ContentView.swift; sourceTree = "<group>"; };
		5183574B2C1DF1F9000EAD64 /* Assets.xcassets */ = {isa = PBXFileReference; lastKnownFileType = folder.assetcatalog; path = Assets.xcassets; sourceTree = "<group>"; };
		5183574E2C1DF1F9000EAD64 /* Preview Assets.xcassets */ = {isa = PBXFileReference; lastKnownFileType = folder.assetcatalog; path = "Preview Assets.xcassets"; sourceTree = "<group>"; };
		518357592C1DF2D1000EAD64 /* WatchCoreMotionSensorReader Watch App.app */ = {isa = PBXFileReference; explicitFileType = wrapper.application; includeInIndex = 0; path = "WatchCoreMotionSensorReader Watch App.app"; sourceTree = BUILT_PRODUCTS_DIR; };
		5183575B2C1DF2D1000EAD64 /* WatchCoreMotionSensorReaderApp.swift */ = {isa = PBXFileReference; lastKnownFileType = sourcecode.swift; path = WatchCoreMotionSensorReaderApp.swift; sourceTree = "<group>"; };
		5183575D2C1DF2D1000EAD64 /* ContentView.swift */ = {isa = PBXFileReference; lastKnownFileType = sourcecode.swift; path = ContentView.swift; sourceTree = "<group>"; };
		5183575F2C1DF2D2000EAD64 /* Assets.xcassets */ = {isa = PBXFileReference; lastKnownFileType = folder.assetcatalog; path = Assets.xcassets; sourceTree = "<group>"; };
		518357622C1DF2D2000EAD64 /* Preview Assets.xcassets */ = {isa = PBXFileReference; lastKnownFileType = folder.assetcatalog; path = "Preview Assets.xcassets"; sourceTree = "<group>"; };
		518672DA2C836BD700BA6223 /* MovementPrediction.mlmodel */ = {isa = PBXFileReference; lastKnownFileType = file.mlmodel; path = MovementPrediction.mlmodel; sourceTree = "<group>"; };
		51935BA12C3EBD4000839BAB /* CoreMotionSensorReader.entitlements */ = {isa = PBXFileReference; lastKnownFileType = text.plist.entitlements; path = CoreMotionSensorReader.entitlements; sourceTree = "<group>"; };
		51935BA22C3EC0AE00839BAB /* BatchedWorkout.swift */ = {isa = PBXFileReference; lastKnownFileType = sourcecode.swift; path = BatchedWorkout.swift; sourceTree = "<group>"; };
		51935BA42C4824D700839BAB /* Info.plist */ = {isa = PBXFileReference; lastKnownFileType = text.plist; path = Info.plist; sourceTree = "<group>"; };
		51CD6A9D2C1EE28200C53B8A /* SensorData.swift */ = {isa = PBXFileReference; lastKnownFileType = sourcecode.swift; path = SensorData.swift; sourceTree = "<group>"; };
		51CD6AA22C1EE3E100C53B8A /* BatchedSensorData.swift */ = {isa = PBXFileReference; lastKnownFileType = sourcecode.swift; path = BatchedSensorData.swift; sourceTree = "<group>"; };
		51CD6AA52C1EE4F000C53B8A /* WatchReciverController.swift */ = {isa = PBXFileReference; lastKnownFileType = sourcecode.swift; path = WatchReciverController.swift; sourceTree = "<group>"; };
		51CD6AAC2C20313A00C53B8A /* MotionDataController.swift */ = {isa = PBXFileReference; lastKnownFileType = sourcecode.swift; path = MotionDataController.swift; sourceTree = "<group>"; };
		51CD6AAE2C203CE700C53B8A /* SensorView.swift */ = {isa = PBXFileReference; lastKnownFileType = sourcecode.swift; path = SensorView.swift; sourceTree = "<group>"; };
		51CD6AB22C20603A00C53B8A /* TabNavView.swift */ = {isa = PBXFileReference; lastKnownFileType = sourcecode.swift; path = TabNavView.swift; sourceTree = "<group>"; };
		51CD6AB42C2060B200C53B8A /* WorkoutView.swift */ = {isa = PBXFileReference; lastKnownFileType = sourcecode.swift; path = WorkoutView.swift; sourceTree = "<group>"; };
		51CD6AB72C20652100C53B8A /* ConnectivityService.swift */ = {isa = PBXFileReference; lastKnownFileType = sourcecode.swift; path = ConnectivityService.swift; sourceTree = "<group>"; };
		51CD6AB92C206BCF00C53B8A /* WatchSensorView.swift */ = {isa = PBXFileReference; lastKnownFileType = sourcecode.swift; path = WatchSensorView.swift; sourceTree = "<group>"; };
		51CD6ABB2C207A7200C53B8A /* AirpodsDataView.swift */ = {isa = PBXFileReference; lastKnownFileType = sourcecode.swift; path = AirpodsDataView.swift; sourceTree = "<group>"; };
		51CD6ABD2C207A8600C53B8A /* AirpodsDataController.swift */ = {isa = PBXFileReference; lastKnownFileType = sourcecode.swift; path = AirpodsDataController.swift; sourceTree = "<group>"; };
		51CD6ABF2C21D69600C53B8A /* BatchedSensorView.swift */ = {isa = PBXFileReference; lastKnownFileType = sourcecode.swift; path = BatchedSensorView.swift; sourceTree = "<group>"; };
		51E4846F2C2714E40084A3C7 /* AirPodsPredictionService.swift */ = {isa = PBXFileReference; lastKnownFileType = sourcecode.swift; path = AirPodsPredictionService.swift; sourceTree = "<group>"; };
		51E484722C2716A60084A3C7 /* AirPodsCsvWriterService.swift */ = {isa = PBXFileReference; lastKnownFileType = sourcecode.swift; path = AirPodsCsvWriterService.swift; sourceTree = "<group>"; };
		51F7C0002C2308480058B12F /* interfacesound.mp3 */ = {isa = PBXFileReference; lastKnownFileType = audio.mp3; path = interfacesound.mp3; sourceTree = "<group>"; };
		51F7C0022C23086C0058B12F /* SoundService.swift */ = {isa = PBXFileReference; lastKnownFileType = sourcecode.swift; path = SoundService.swift; sourceTree = "<group>"; };
		51FADADD2C83839200F51251 /* MarchingClassifier.mlmodel */ = {isa = PBXFileReference; lastKnownFileType = file.mlmodel; path = MarchingClassifier.mlmodel; sourceTree = "<group>"; };
/* End PBXFileReference section */

/* Begin PBXFrameworksBuildPhase section */
		518357412C1DF1F8000EAD64 /* Frameworks */ = {
			isa = PBXFrameworksBuildPhase;
			buildActionMask = 2147483647;
			files = (
			);
			runOnlyForDeploymentPostprocessing = 0;
		};
		518357562C1DF2D1000EAD64 /* Frameworks */ = {
			isa = PBXFrameworksBuildPhase;
			buildActionMask = 2147483647;
			files = (
			);
			runOnlyForDeploymentPostprocessing = 0;
		};
/* End PBXFrameworksBuildPhase section */

/* Begin PBXGroup section */
		510617C82C3EB53700186390 /* Watch */ = {
			isa = PBXGroup;
			children = (
				510617C92C3EB54600186390 /* WatchPredicterService.swift */,
				510617C62C3D662800186390 /* WatchCsvWriter.swift */,
			);
			path = Watch;
			sourceTree = "<group>";
		};
		511410482C22FAD5004ACAE4 /* Delegates */ = {
			isa = PBXGroup;
			children = (
				511410462C22FAD1004ACAE4 /* TherapySessionDelegate.swift */,
			);
			path = Delegates;
			sourceTree = "<group>";
		};
		5183573B2C1DF1F8000EAD64 = {
			isa = PBXGroup;
			children = (
				51CD6AA02C1EE28700C53B8A /* Shared */,
				518357462C1DF1F8000EAD64 /* CoreMotionSensorReader */,
				5183575A2C1DF2D1000EAD64 /* WatchCoreMotionSensorReader Watch App */,
				518357452C1DF1F8000EAD64 /* Products */,
			);
			sourceTree = "<group>";
		};
		518357452C1DF1F8000EAD64 /* Products */ = {
			isa = PBXGroup;
			children = (
				518357442C1DF1F8000EAD64 /* CoreMotionSensorReader.app */,
				518357592C1DF2D1000EAD64 /* WatchCoreMotionSensorReader Watch App.app */,
			);
			name = Products;
			sourceTree = "<group>";
		};
		518357462C1DF1F8000EAD64 /* CoreMotionSensorReader */ = {
			isa = PBXGroup;
			children = (
				518672DA2C836BD700BA6223 /* MovementPrediction.mlmodel */,
				5166A3102C84754800A4FFE2 /* AirPodsPrediction.mlmodel */,
				51FADADD2C83839200F51251 /* MarchingClassifier.mlmodel */,
				51935BA42C4824D700839BAB /* Info.plist */,
				51935BA12C3EBD4000839BAB /* CoreMotionSensorReader.entitlements */,
				51F7BFFF2C2308390058B12F /* Sounds */,
				51CD6AA72C1EE90D00C53B8A /* Services */,
				5183576D2C1DF2FC000EAD64 /* Controllers */,
				5183576C2C1DF2F6000EAD64 /* View */,
				5183576B2C1DF2EC000EAD64 /* Model */,
				518357472C1DF1F8000EAD64 /* CoreMotionSensorReaderApp.swift */,
				518357492C1DF1F8000EAD64 /* ContentView.swift */,
				5183574B2C1DF1F9000EAD64 /* Assets.xcassets */,
				5183574D2C1DF1F9000EAD64 /* Preview Content */,
			);
			path = CoreMotionSensorReader;
			sourceTree = "<group>";
		};
		5183574D2C1DF1F9000EAD64 /* Preview Content */ = {
			isa = PBXGroup;
			children = (
				5183574E2C1DF1F9000EAD64 /* Preview Assets.xcassets */,
			);
			path = "Preview Content";
			sourceTree = "<group>";
		};
		5183575A2C1DF2D1000EAD64 /* WatchCoreMotionSensorReader Watch App */ = {
			isa = PBXGroup;
			children = (
				511410492C22FB1C004ACAE4 /* WatchCoreMotionSensorReader-Watch-App-Info.plist */,
				511410482C22FAD5004ACAE4 /* Delegates */,
				51CD6AB62C20643200C53B8A /* Services */,
				51CD6AAB2C20312800C53B8A /* Controllers */,
				51CD6AAA2C20310D00C53B8A /* Views */,
				5183575B2C1DF2D1000EAD64 /* WatchCoreMotionSensorReaderApp.swift */,
				5183575F2C1DF2D2000EAD64 /* Assets.xcassets */,
				518357612C1DF2D2000EAD64 /* Preview Content */,
			);
			path = "WatchCoreMotionSensorReader Watch App";
			sourceTree = "<group>";
		};
		518357612C1DF2D2000EAD64 /* Preview Content */ = {
			isa = PBXGroup;
			children = (
				518357622C1DF2D2000EAD64 /* Preview Assets.xcassets */,
			);
			path = "Preview Content";
			sourceTree = "<group>";
		};
		5183576B2C1DF2EC000EAD64 /* Model */ = {
			isa = PBXGroup;
			children = (
			);
			path = Model;
			sourceTree = "<group>";
		};
		5183576C2C1DF2F6000EAD64 /* View */ = {
			isa = PBXGroup;
			children = (
				51F7C0052C2312810058B12F /* HealthDataViews */,
				51F7C0042C2312680058B12F /* SensorViews */,
				5114104A2C23058D004ACAE4 /* TabContentView.swift */,
			);
			path = View;
			sourceTree = "<group>";
		};
		5183576D2C1DF2FC000EAD64 /* Controllers */ = {
			isa = PBXGroup;
			children = (
				51CD6AA52C1EE4F000C53B8A /* WatchReciverController.swift */,
				51CD6ABD2C207A8600C53B8A /* AirpodsDataController.swift */,
			);
			path = Controllers;
			sourceTree = "<group>";
		};
		51CD6AA02C1EE28700C53B8A /* Shared */ = {
			isa = PBXGroup;
			children = (
				51CD6AA12C1EE28D00C53B8A /* Model */,
			);
			path = Shared;
			sourceTree = "<group>";
		};
		51CD6AA12C1EE28D00C53B8A /* Model */ = {
			isa = PBXGroup;
			children = (
				51CD6A9D2C1EE28200C53B8A /* SensorData.swift */,
				51CD6AA22C1EE3E100C53B8A /* BatchedSensorData.swift */,
				511410442C22E5B2004ACAE4 /* AirPodsSensorData.swift */,
			);
			path = Model;
			sourceTree = "<group>";
		};
		51CD6AA72C1EE90D00C53B8A /* Services */ = {
			isa = PBXGroup;
			children = (
				510617C82C3EB53700186390 /* Watch */,
				51E484712C2716950084A3C7 /* AirPods */,
				51F7C0022C23086C0058B12F /* SoundService.swift */,
				510617CB2C3EB8CB00186390 /* HealthDataManager.swift */,
			);
			path = Services;
			sourceTree = "<group>";
		};
		51CD6AAA2C20310D00C53B8A /* Views */ = {
			isa = PBXGroup;
			children = (
				5183575D2C1DF2D1000EAD64 /* ContentView.swift */,
				51CD6AAE2C203CE700C53B8A /* SensorView.swift */,
				51CD6AB22C20603A00C53B8A /* TabNavView.swift */,
				51CD6AB42C2060B200C53B8A /* WorkoutView.swift */,
				51CD6ABF2C21D69600C53B8A /* BatchedSensorView.swift */,
			);
			path = Views;
			sourceTree = "<group>";
		};
		51CD6AAB2C20312800C53B8A /* Controllers */ = {
			isa = PBXGroup;
			children = (
				51CD6AAC2C20313A00C53B8A /* MotionDataController.swift */,
			);
			path = Controllers;
			sourceTree = "<group>";
		};
		51CD6AB62C20643200C53B8A /* Services */ = {
			isa = PBXGroup;
			children = (
				51CD6AB72C20652100C53B8A /* ConnectivityService.swift */,
				51935BA22C3EC0AE00839BAB /* BatchedWorkout.swift */,
			);
			path = Services;
			sourceTree = "<group>";
		};
		51E484712C2716950084A3C7 /* AirPods */ = {
			isa = PBXGroup;
			children = (
				51E4846F2C2714E40084A3C7 /* AirPodsPredictionService.swift */,
				51E484722C2716A60084A3C7 /* AirPodsCsvWriterService.swift */,
			);
			path = AirPods;
			sourceTree = "<group>";
		};
		51F7BFFF2C2308390058B12F /* Sounds */ = {
			isa = PBXGroup;
			children = (
				51F7C0002C2308480058B12F /* interfacesound.mp3 */,
			);
			path = Sounds;
			sourceTree = "<group>";
		};
		51F7C0042C2312680058B12F /* SensorViews */ = {
			isa = PBXGroup;
			children = (
				51CD6AB92C206BCF00C53B8A /* WatchSensorView.swift */,
				51CD6ABB2C207A7200C53B8A /* AirpodsDataView.swift */,
			);
			path = SensorViews;
			sourceTree = "<group>";
		};
		51F7C0052C2312810058B12F /* HealthDataViews */ = {
			isa = PBXGroup;
			children = (
				510617CD2C3EB95200186390 /* HealthDataView.swift */,
			);
			path = HealthDataViews;
			sourceTree = "<group>";
		};
/* End PBXGroup section */

/* Begin PBXNativeTarget section */
		518357432C1DF1F8000EAD64 /* CoreMotionSensorReader */ = {
			isa = PBXNativeTarget;
			buildConfigurationList = 518357522C1DF1F9000EAD64 /* Build configuration list for PBXNativeTarget "CoreMotionSensorReader" */;
			buildPhases = (
				518357402C1DF1F8000EAD64 /* Sources */,
				518357412C1DF1F8000EAD64 /* Frameworks */,
				518357422C1DF1F8000EAD64 /* Resources */,
				5183576A2C1DF2D2000EAD64 /* Embed Watch Content */,
			);
			buildRules = (
			);
			dependencies = (
				518357652C1DF2D2000EAD64 /* PBXTargetDependency */,
			);
			name = CoreMotionSensorReader;
			productName = CoreMotionSensorReader;
			productReference = 518357442C1DF1F8000EAD64 /* CoreMotionSensorReader.app */;
			productType = "com.apple.product-type.application";
		};
		518357582C1DF2D1000EAD64 /* WatchCoreMotionSensorReader Watch App */ = {
			isa = PBXNativeTarget;
			buildConfigurationList = 518357672C1DF2D2000EAD64 /* Build configuration list for PBXNativeTarget "WatchCoreMotionSensorReader Watch App" */;
			buildPhases = (
				518357552C1DF2D1000EAD64 /* Sources */,
				518357562C1DF2D1000EAD64 /* Frameworks */,
				518357572C1DF2D1000EAD64 /* Resources */,
			);
			buildRules = (
			);
			dependencies = (
			);
			name = "WatchCoreMotionSensorReader Watch App";
			productName = "WatchCoreMotionSensorReader Watch App";
			productReference = 518357592C1DF2D1000EAD64 /* WatchCoreMotionSensorReader Watch App.app */;
			productType = "com.apple.product-type.application";
		};
/* End PBXNativeTarget section */

/* Begin PBXProject section */
		5183573C2C1DF1F8000EAD64 /* Project object */ = {
			isa = PBXProject;
			attributes = {
				BuildIndependentTargetsInParallel = 1;
				LastSwiftUpdateCheck = 1540;
				LastUpgradeCheck = 1600;
				TargetAttributes = {
					518357432C1DF1F8000EAD64 = {
						CreatedOnToolsVersion = 15.4;
					};
					518357582C1DF2D1000EAD64 = {
						CreatedOnToolsVersion = 15.4;
					};
				};
			};
			buildConfigurationList = 5183573F2C1DF1F8000EAD64 /* Build configuration list for PBXProject "CoreMotionSensorReader" */;
			compatibilityVersion = "Xcode 14.0";
			developmentRegion = en;
			hasScannedForEncodings = 0;
			knownRegions = (
				en,
				Base,
			);
			mainGroup = 5183573B2C1DF1F8000EAD64;
			productRefGroup = 518357452C1DF1F8000EAD64 /* Products */;
			projectDirPath = "";
			projectRoot = "";
			targets = (
				518357432C1DF1F8000EAD64 /* CoreMotionSensorReader */,
				518357582C1DF2D1000EAD64 /* WatchCoreMotionSensorReader Watch App */,
			);
		};
/* End PBXProject section */

/* Begin PBXResourcesBuildPhase section */
		518357422C1DF1F8000EAD64 /* Resources */ = {
			isa = PBXResourcesBuildPhase;
			buildActionMask = 2147483647;
			files = (
				51F7C0012C2308480058B12F /* interfacesound.mp3 in Resources */,
				5183574F2C1DF1F9000EAD64 /* Preview Assets.xcassets in Resources */,
				5183574C2C1DF1F9000EAD64 /* Assets.xcassets in Resources */,
			);
			runOnlyForDeploymentPostprocessing = 0;
		};
		518357572C1DF2D1000EAD64 /* Resources */ = {
			isa = PBXResourcesBuildPhase;
			buildActionMask = 2147483647;
			files = (
				518357632C1DF2D2000EAD64 /* Preview Assets.xcassets in Resources */,
				518357602C1DF2D2000EAD64 /* Assets.xcassets in Resources */,
			);
			runOnlyForDeploymentPostprocessing = 0;
		};
/* End PBXResourcesBuildPhase section */

/* Begin PBXSourcesBuildPhase section */
		518357402C1DF1F8000EAD64 /* Sources */ = {
			isa = PBXSourcesBuildPhase;
			buildActionMask = 2147483647;
			files = (
				51CD6ABA2C206BCF00C53B8A /* WatchSensorView.swift in Sources */,
				5114104B2C23058D004ACAE4 /* TabContentView.swift in Sources */,
				5183574A2C1DF1F8000EAD64 /* ContentView.swift in Sources */,
				51CD6AA62C1EE4F000C53B8A /* WatchReciverController.swift in Sources */,
				5166A3112C84754800A4FFE2 /* AirPodsPrediction.mlmodel in Sources */,
				510617CC2C3EB8CB00186390 /* HealthDataManager.swift in Sources */,
				51CD6AA32C1EE3E100C53B8A /* BatchedSensorData.swift in Sources */,
				51E484702C2714E40084A3C7 /* AirPodsPredictionService.swift in Sources */,
				51CD6A9E2C1EE28200C53B8A /* SensorData.swift in Sources */,
				51E484732C2716A60084A3C7 /* AirPodsCsvWriterService.swift in Sources */,
				510617CE2C3EB95200186390 /* HealthDataView.swift in Sources */,
				51CD6ABE2C207A8700C53B8A /* AirpodsDataController.swift in Sources */,
				51FADADE2C83839200F51251 /* MarchingClassifier.mlmodel in Sources */,
				518672DB2C836BD700BA6223 /* MovementPrediction.mlmodel in Sources */,
				510617C72C3D662800186390 /* WatchCsvWriter.swift in Sources */,
				51F7C0032C23086C0058B12F /* SoundService.swift in Sources */,
				518357482C1DF1F8000EAD64 /* CoreMotionSensorReaderApp.swift in Sources */,
				511410452C22E5B2004ACAE4 /* AirPodsSensorData.swift in Sources */,
				510617CA2C3EB54600186390 /* WatchPredicterService.swift in Sources */,
				51CD6ABC2C207A7200C53B8A /* AirpodsDataView.swift in Sources */,
			);
			runOnlyForDeploymentPostprocessing = 0;
		};
		518357552C1DF2D1000EAD64 /* Sources */ = {
			isa = PBXSourcesBuildPhase;
			buildActionMask = 2147483647;
			files = (
				5183575E2C1DF2D1000EAD64 /* ContentView.swift in Sources */,
				51CD6AAD2C20313A00C53B8A /* MotionDataController.swift in Sources */,
				51CD6AB52C2060B200C53B8A /* WorkoutView.swift in Sources */,
				511410472C22FAD1004ACAE4 /* TherapySessionDelegate.swift in Sources */,
				51CD6AB82C20652100C53B8A /* ConnectivityService.swift in Sources */,
				51935BA32C3EC0AE00839BAB /* BatchedWorkout.swift in Sources */,
				51CD6AC02C21D69600C53B8A /* BatchedSensorView.swift in Sources */,
				51CD6AAF2C203CE700C53B8A /* SensorView.swift in Sources */,
				51CD6AA42C1EE3E100C53B8A /* BatchedSensorData.swift in Sources */,
				51CD6A9F2C1EE28200C53B8A /* SensorData.swift in Sources */,
				5183575C2C1DF2D1000EAD64 /* WatchCoreMotionSensorReaderApp.swift in Sources */,
				51CD6AB32C20603A00C53B8A /* TabNavView.swift in Sources */,
			);
			runOnlyForDeploymentPostprocessing = 0;
		};
/* End PBXSourcesBuildPhase section */

/* Begin PBXTargetDependency section */
		518357652C1DF2D2000EAD64 /* PBXTargetDependency */ = {
			isa = PBXTargetDependency;
			target = 518357582C1DF2D1000EAD64 /* WatchCoreMotionSensorReader Watch App */;
			targetProxy = 518357642C1DF2D2000EAD64 /* PBXContainerItemProxy */;
		};
/* End PBXTargetDependency section */

/* Begin XCBuildConfiguration section */
		518357502C1DF1F9000EAD64 /* Debug */ = {
			isa = XCBuildConfiguration;
			buildSettings = {
				ALWAYS_SEARCH_USER_PATHS = NO;
				ASSETCATALOG_COMPILER_GENERATE_SWIFT_ASSET_SYMBOL_EXTENSIONS = YES;
				CLANG_ANALYZER_NONNULL = YES;
				CLANG_ANALYZER_NUMBER_OBJECT_CONVERSION = YES_AGGRESSIVE;
				CLANG_CXX_LANGUAGE_STANDARD = "gnu++20";
				CLANG_ENABLE_MODULES = YES;
				CLANG_ENABLE_OBJC_ARC = YES;
				CLANG_ENABLE_OBJC_WEAK = YES;
				CLANG_WARN_BLOCK_CAPTURE_AUTORELEASING = YES;
				CLANG_WARN_BOOL_CONVERSION = YES;
				CLANG_WARN_COMMA = YES;
				CLANG_WARN_CONSTANT_CONVERSION = YES;
				CLANG_WARN_DEPRECATED_OBJC_IMPLEMENTATIONS = YES;
				CLANG_WARN_DIRECT_OBJC_ISA_USAGE = YES_ERROR;
				CLANG_WARN_DOCUMENTATION_COMMENTS = YES;
				CLANG_WARN_EMPTY_BODY = YES;
				CLANG_WARN_ENUM_CONVERSION = YES;
				CLANG_WARN_INFINITE_RECURSION = YES;
				CLANG_WARN_INT_CONVERSION = YES;
				CLANG_WARN_NON_LITERAL_NULL_CONVERSION = YES;
				CLANG_WARN_OBJC_IMPLICIT_RETAIN_SELF = YES;
				CLANG_WARN_OBJC_LITERAL_CONVERSION = YES;
				CLANG_WARN_OBJC_ROOT_CLASS = YES_ERROR;
				CLANG_WARN_QUOTED_INCLUDE_IN_FRAMEWORK_HEADER = YES;
				CLANG_WARN_RANGE_LOOP_ANALYSIS = YES;
				CLANG_WARN_STRICT_PROTOTYPES = YES;
				CLANG_WARN_SUSPICIOUS_MOVE = YES;
				CLANG_WARN_UNGUARDED_AVAILABILITY = YES_AGGRESSIVE;
				CLANG_WARN_UNREACHABLE_CODE = YES;
				CLANG_WARN__DUPLICATE_METHOD_MATCH = YES;
				COPY_PHASE_STRIP = NO;
				DEBUG_INFORMATION_FORMAT = dwarf;
				ENABLE_STRICT_OBJC_MSGSEND = YES;
				ENABLE_TESTABILITY = YES;
				ENABLE_USER_SCRIPT_SANDBOXING = YES;
				GCC_C_LANGUAGE_STANDARD = gnu17;
				GCC_DYNAMIC_NO_PIC = NO;
				GCC_NO_COMMON_BLOCKS = YES;
				GCC_OPTIMIZATION_LEVEL = 0;
				GCC_PREPROCESSOR_DEFINITIONS = (
					"DEBUG=1",
					"$(inherited)",
				);
				GCC_WARN_64_TO_32_BIT_CONVERSION = YES;
				GCC_WARN_ABOUT_RETURN_TYPE = YES_ERROR;
				GCC_WARN_UNDECLARED_SELECTOR = YES;
				GCC_WARN_UNINITIALIZED_AUTOS = YES_AGGRESSIVE;
				GCC_WARN_UNUSED_FUNCTION = YES;
				GCC_WARN_UNUSED_VARIABLE = YES;
				IPHONEOS_DEPLOYMENT_TARGET = 17.5;
				LOCALIZATION_PREFERS_STRING_CATALOGS = YES;
				MTL_ENABLE_DEBUG_INFO = INCLUDE_SOURCE;
				MTL_FAST_MATH = YES;
				ONLY_ACTIVE_ARCH = YES;
				SDKROOT = iphoneos;
				SWIFT_ACTIVE_COMPILATION_CONDITIONS = "DEBUG $(inherited)";
				SWIFT_OPTIMIZATION_LEVEL = "-Onone";
			};
			name = Debug;
		};
		518357512C1DF1F9000EAD64 /* Release */ = {
			isa = XCBuildConfiguration;
			buildSettings = {
				ALWAYS_SEARCH_USER_PATHS = NO;
				ASSETCATALOG_COMPILER_GENERATE_SWIFT_ASSET_SYMBOL_EXTENSIONS = YES;
				CLANG_ANALYZER_NONNULL = YES;
				CLANG_ANALYZER_NUMBER_OBJECT_CONVERSION = YES_AGGRESSIVE;
				CLANG_CXX_LANGUAGE_STANDARD = "gnu++20";
				CLANG_ENABLE_MODULES = YES;
				CLANG_ENABLE_OBJC_ARC = YES;
				CLANG_ENABLE_OBJC_WEAK = YES;
				CLANG_WARN_BLOCK_CAPTURE_AUTORELEASING = YES;
				CLANG_WARN_BOOL_CONVERSION = YES;
				CLANG_WARN_COMMA = YES;
				CLANG_WARN_CONSTANT_CONVERSION = YES;
				CLANG_WARN_DEPRECATED_OBJC_IMPLEMENTATIONS = YES;
				CLANG_WARN_DIRECT_OBJC_ISA_USAGE = YES_ERROR;
				CLANG_WARN_DOCUMENTATION_COMMENTS = YES;
				CLANG_WARN_EMPTY_BODY = YES;
				CLANG_WARN_ENUM_CONVERSION = YES;
				CLANG_WARN_INFINITE_RECURSION = YES;
				CLANG_WARN_INT_CONVERSION = YES;
				CLANG_WARN_NON_LITERAL_NULL_CONVERSION = YES;
				CLANG_WARN_OBJC_IMPLICIT_RETAIN_SELF = YES;
				CLANG_WARN_OBJC_LITERAL_CONVERSION = YES;
				CLANG_WARN_OBJC_ROOT_CLASS = YES_ERROR;
				CLANG_WARN_QUOTED_INCLUDE_IN_FRAMEWORK_HEADER = YES;
				CLANG_WARN_RANGE_LOOP_ANALYSIS = YES;
				CLANG_WARN_STRICT_PROTOTYPES = YES;
				CLANG_WARN_SUSPICIOUS_MOVE = YES;
				CLANG_WARN_UNGUARDED_AVAILABILITY = YES_AGGRESSIVE;
				CLANG_WARN_UNREACHABLE_CODE = YES;
				CLANG_WARN__DUPLICATE_METHOD_MATCH = YES;
				COPY_PHASE_STRIP = NO;
				DEBUG_INFORMATION_FORMAT = "dwarf-with-dsym";
				ENABLE_NS_ASSERTIONS = NO;
				ENABLE_STRICT_OBJC_MSGSEND = YES;
				ENABLE_USER_SCRIPT_SANDBOXING = YES;
				GCC_C_LANGUAGE_STANDARD = gnu17;
				GCC_NO_COMMON_BLOCKS = YES;
				GCC_WARN_64_TO_32_BIT_CONVERSION = YES;
				GCC_WARN_ABOUT_RETURN_TYPE = YES_ERROR;
				GCC_WARN_UNDECLARED_SELECTOR = YES;
				GCC_WARN_UNINITIALIZED_AUTOS = YES_AGGRESSIVE;
				GCC_WARN_UNUSED_FUNCTION = YES;
				GCC_WARN_UNUSED_VARIABLE = YES;
				IPHONEOS_DEPLOYMENT_TARGET = 17.5;
				LOCALIZATION_PREFERS_STRING_CATALOGS = YES;
				MTL_ENABLE_DEBUG_INFO = NO;
				MTL_FAST_MATH = YES;
				SDKROOT = iphoneos;
				SWIFT_COMPILATION_MODE = wholemodule;
				VALIDATE_PRODUCT = YES;
			};
			name = Release;
		};
		518357532C1DF1F9000EAD64 /* Debug */ = {
			isa = XCBuildConfiguration;
			buildSettings = {
				ASSETCATALOG_COMPILER_APPICON_NAME = AppIcon;
				ASSETCATALOG_COMPILER_GLOBAL_ACCENT_COLOR_NAME = AccentColor;
				CODE_SIGN_ENTITLEMENTS = CoreMotionSensorReader/CoreMotionSensorReader.entitlements;
				CODE_SIGN_STYLE = Automatic;
				CURRENT_PROJECT_VERSION = 1;
				DEVELOPMENT_ASSET_PATHS = "\"CoreMotionSensorReader/Preview Content\"";
				DEVELOPMENT_TEAM = ZCH6LHLP3M;
				ENABLE_PREVIEWS = YES;
				GENERATE_INFOPLIST_FILE = YES;
				INFOPLIST_FILE = CoreMotionSensorReader/Info.plist;
				INFOPLIST_KEY_NSHealthShareUsageDescription = "Für das Lesen der Geundeitsdaten";
				INFOPLIST_KEY_NSMotionUsageDescription = "Benötigt für Bewegungserfassung";
				INFOPLIST_KEY_UIApplicationSceneManifest_Generation = YES;
				INFOPLIST_KEY_UIApplicationSupportsIndirectInputEvents = YES;
				INFOPLIST_KEY_UILaunchScreen_Generation = YES;
				INFOPLIST_KEY_UISupportedInterfaceOrientations_iPad = "UIInterfaceOrientationPortrait UIInterfaceOrientationPortraitUpsideDown UIInterfaceOrientationLandscapeLeft UIInterfaceOrientationLandscapeRight";
				INFOPLIST_KEY_UISupportedInterfaceOrientations_iPhone = "UIInterfaceOrientationPortrait UIInterfaceOrientationLandscapeLeft UIInterfaceOrientationLandscapeRight";
				INFOPLIST_KEY_UISupportsDocumentBrowser = YES;
				LD_RUNPATH_SEARCH_PATHS = (
					"$(inherited)",
					"@executable_path/Frameworks",
				);
				MARKETING_VERSION = 1.0;
				PRODUCT_BUNDLE_IDENTIFIER = com.maurice.richter.CoreMotionSensorReader;
				PRODUCT_NAME = "$(TARGET_NAME)";
				SWIFT_EMIT_LOC_STRINGS = YES;
				SWIFT_VERSION = 5.0;
				TARGETED_DEVICE_FAMILY = "1,2";
			};
			name = Debug;
		};
		518357542C1DF1F9000EAD64 /* Release */ = {
			isa = XCBuildConfiguration;
			buildSettings = {
				ASSETCATALOG_COMPILER_APPICON_NAME = AppIcon;
				ASSETCATALOG_COMPILER_GLOBAL_ACCENT_COLOR_NAME = AccentColor;
				CODE_SIGN_ENTITLEMENTS = CoreMotionSensorReader/CoreMotionSensorReader.entitlements;
				CODE_SIGN_STYLE = Automatic;
				CURRENT_PROJECT_VERSION = 1;
				DEVELOPMENT_ASSET_PATHS = "\"CoreMotionSensorReader/Preview Content\"";
				DEVELOPMENT_TEAM = ZCH6LHLP3M;
				ENABLE_PREVIEWS = YES;
				GENERATE_INFOPLIST_FILE = YES;
				INFOPLIST_FILE = CoreMotionSensorReader/Info.plist;
				INFOPLIST_KEY_NSHealthShareUsageDescription = "Für das Lesen der Geundeitsdaten";
				INFOPLIST_KEY_NSMotionUsageDescription = "Benötigt für Bewegungserfassung";
				INFOPLIST_KEY_UIApplicationSceneManifest_Generation = YES;
				INFOPLIST_KEY_UIApplicationSupportsIndirectInputEvents = YES;
				INFOPLIST_KEY_UILaunchScreen_Generation = YES;
				INFOPLIST_KEY_UISupportedInterfaceOrientations_iPad = "UIInterfaceOrientationPortrait UIInterfaceOrientationPortraitUpsideDown UIInterfaceOrientationLandscapeLeft UIInterfaceOrientationLandscapeRight";
				INFOPLIST_KEY_UISupportedInterfaceOrientations_iPhone = "UIInterfaceOrientationPortrait UIInterfaceOrientationLandscapeLeft UIInterfaceOrientationLandscapeRight";
				INFOPLIST_KEY_UISupportsDocumentBrowser = YES;
				LD_RUNPATH_SEARCH_PATHS = (
					"$(inherited)",
					"@executable_path/Frameworks",
				);
				MARKETING_VERSION = 1.0;
				PRODUCT_BUNDLE_IDENTIFIER = com.maurice.richter.CoreMotionSensorReader;
				PRODUCT_NAME = "$(TARGET_NAME)";
				SWIFT_EMIT_LOC_STRINGS = YES;
				SWIFT_VERSION = 5.0;
				TARGETED_DEVICE_FAMILY = "1,2";
			};
			name = Release;
		};
		518357682C1DF2D2000EAD64 /* Debug */ = {
			isa = XCBuildConfiguration;
			buildSettings = {
				ASSETCATALOG_COMPILER_APPICON_NAME = AppIcon;
				ASSETCATALOG_COMPILER_GLOBAL_ACCENT_COLOR_NAME = AccentColor;
				CODE_SIGN_STYLE = Automatic;
				CURRENT_PROJECT_VERSION = 1;
				DEVELOPMENT_ASSET_PATHS = "\"WatchCoreMotionSensorReader Watch App/Preview Content\"";
				DEVELOPMENT_TEAM = ZCH6LHLP3M;
				ENABLE_PREVIEWS = YES;
				GENERATE_INFOPLIST_FILE = YES;
				INFOPLIST_FILE = "WatchCoreMotionSensorReader-Watch-App-Info.plist";
				INFOPLIST_KEY_CFBundleDisplayName = WatchCoreMotionSensorReader;
				INFOPLIST_KEY_NSHealthClinicalHealthRecordsShareUsageDescription = "Benötigt für Lesen von Daten";
				INFOPLIST_KEY_NSHealthShareUsageDescription = "Für das Lesen der Gesundheitsdaten wird dieser Zugriff benötigt";
				INFOPLIST_KEY_NSHealthUpdateUsageDescription = "Benötigt für App";
				INFOPLIST_KEY_UISupportedInterfaceOrientations = "UIInterfaceOrientationPortrait UIInterfaceOrientationPortraitUpsideDown";
				INFOPLIST_KEY_WKCompanionAppBundleIdentifier = com.maurice.richter.CoreMotionSensorReader;
				LD_RUNPATH_SEARCH_PATHS = (
					"$(inherited)",
					"@executable_path/Frameworks",
				);
				MARKETING_VERSION = 1.0;
				PRODUCT_BUNDLE_IDENTIFIER = com.maurice.richter.CoreMotionSensorReader.watchkitapp;
				PRODUCT_NAME = "$(TARGET_NAME)";
				SDKROOT = watchos;
				SKIP_INSTALL = YES;
				SWIFT_EMIT_LOC_STRINGS = YES;
				SWIFT_VERSION = 5.0;
				TARGETED_DEVICE_FAMILY = 4;
				WATCHOS_DEPLOYMENT_TARGET = 10.6;
			};
			name = Debug;
		};
		518357692C1DF2D2000EAD64 /* Release */ = {
			isa = XCBuildConfiguration;
			buildSettings = {
				ASSETCATALOG_COMPILER_APPICON_NAME = AppIcon;
				ASSETCATALOG_COMPILER_GLOBAL_ACCENT_COLOR_NAME = AccentColor;
				CODE_SIGN_STYLE = Automatic;
				CURRENT_PROJECT_VERSION = 1;
				DEVELOPMENT_ASSET_PATHS = "\"WatchCoreMotionSensorReader Watch App/Preview Content\"";
				DEVELOPMENT_TEAM = ZCH6LHLP3M;
				ENABLE_PREVIEWS = YES;
				GENERATE_INFOPLIST_FILE = YES;
				INFOPLIST_FILE = "WatchCoreMotionSensorReader-Watch-App-Info.plist";
				INFOPLIST_KEY_CFBundleDisplayName = WatchCoreMotionSensorReader;
				INFOPLIST_KEY_NSHealthClinicalHealthRecordsShareUsageDescription = "Benötigt für Lesen von Daten";
				INFOPLIST_KEY_NSHealthShareUsageDescription = "Für das Lesen der Gesundheitsdaten wird dieser Zugriff benötigt";
				INFOPLIST_KEY_NSHealthUpdateUsageDescription = "Benötigt für App";
				INFOPLIST_KEY_UISupportedInterfaceOrientations = "UIInterfaceOrientationPortrait UIInterfaceOrientationPortraitUpsideDown";
				INFOPLIST_KEY_WKCompanionAppBundleIdentifier = com.maurice.richter.CoreMotionSensorReader;
				LD_RUNPATH_SEARCH_PATHS = (
					"$(inherited)",
					"@executable_path/Frameworks",
				);
				MARKETING_VERSION = 1.0;
				PRODUCT_BUNDLE_IDENTIFIER = com.maurice.richter.CoreMotionSensorReader.watchkitapp;
				PRODUCT_NAME = "$(TARGET_NAME)";
				SDKROOT = watchos;
				SKIP_INSTALL = YES;
				SWIFT_EMIT_LOC_STRINGS = YES;
				SWIFT_VERSION = 5.0;
				TARGETED_DEVICE_FAMILY = 4;
				WATCHOS_DEPLOYMENT_TARGET = 10.6;
			};
			name = Release;
		};
/* End XCBuildConfiguration section */

/* Begin XCConfigurationList section */
		5183573F2C1DF1F8000EAD64 /* Build configuration list for PBXProject "CoreMotionSensorReader" */ = {
			isa = XCConfigurationList;
			buildConfigurations = (
				518357502C1DF1F9000EAD64 /* Debug */,
				518357512C1DF1F9000EAD64 /* Release */,
			);
			defaultConfigurationIsVisible = 0;
			defaultConfigurationName = Release;
		};
		518357522C1DF1F9000EAD64 /* Build configuration list for PBXNativeTarget "CoreMotionSensorReader" */ = {
			isa = XCConfigurationList;
			buildConfigurations = (
				518357532C1DF1F9000EAD64 /* Debug */,
				518357542C1DF1F9000EAD64 /* Release */,
			);
			defaultConfigurationIsVisible = 0;
			defaultConfigurationName = Release;
		};
		518357672C1DF2D2000EAD64 /* Build configuration list for PBXNativeTarget "WatchCoreMotionSensorReader Watch App" */ = {
			isa = XCConfigurationList;
			buildConfigurations = (
				518357682C1DF2D2000EAD64 /* Debug */,
				518357692C1DF2D2000EAD64 /* Release */,
			);
			defaultConfigurationIsVisible = 0;
			defaultConfigurationName = Release;
		};
/* End XCConfigurationList section */
	};
	rootObject = 5183573C2C1DF1F8000EAD64 /* Project object */;
}
